
Microsoft Visual Studio Solution File, Format Version 12.00
# Visual Studio Version 16
VisualStudioVersion = 16.0.34301.259
MinimumVisualStudioVersion = 10.0.40219.1
Project("{FAE04EC0-301F-11D3-BF4B-00C04F79EFBC}") = "Test3", "Test3\Test3.csproj", "{2F93B051-0207-4DDA-B574-1B1F57F35460}"
EndProject
Global
	GlobalSection(SolutionConfigurationPlatforms) = preSolution
		Debug|Any CPU = Debug|Any CPU
		Release|Any CPU = Release|Any CPU
	EndGlobalSection
	GlobalSection(ProjectConfigurationPlatforms) = postSolution
		{2F93B051-0207-4DDA-B574-1B1F57F35460}.Debug|Any CPU.ActiveCfg = Debug|Any CPU
		{2F93B051-0207-4DDA-B574-1B1F57F35460}.Debug|Any CPU.Build.0 = Debug|Any CPU
		{2F93B051-0207-4DDA-B574-1B1F57F35460}.Release|Any CPU.ActiveCfg = Release|Any CPU
		{2F93B051-0207-4DDA-B574-1B1F57F35460}.Release|Any CPU.Build.0 = Release|Any CPU
	EndGlobalSection
	GlobalSection(SolutionProperties) = preSolution
		HideSolutionNode = FALSE
	EndGlobalSection
	GlobalSection(ExtensibilityGlobals) = postSolution
		SolutionGuid = {4DFBCD4A-7302-4194-8405-E5316421EC7D}
	EndGlobalSection
EndGlobal
